// !$*UTF8*$!
{
	archiveVersion = 1;
	classes = {
	};
	objectVersion = 50;
	objects = {

/* Begin PBXBuildFile section */
		936655A0239EC3A00094F70C /* Product.cpp in Sources */ = {isa = PBXBuildFile; fileRef = 9366559E239EC3A00094F70C /* Product.cpp */; };
		936655A323A65B5E0094F70C /* PetToy.cpp in Sources */ = {isa = PBXBuildFile; fileRef = 936655A123A65B5E0094F70C /* PetToy.cpp */; };
		936655A823A8A68C0094F70C /* UserInterface.cpp in Sources */ = {isa = PBXBuildFile; fileRef = 936655A623A8A68C0094F70C /* UserInterface.cpp */; };
		93A8EFE5236B4F2D00E2192D /* main.cpp in Sources */ = {isa = PBXBuildFile; fileRef = 93A8EFE4236B4F2D00E2192D /* main.cpp */; };
		93A8EFEE236B50F500E2192D /* PetShop.cpp in Sources */ = {isa = PBXBuildFile; fileRef = 93A8EFEC236B50F500E2192D /* PetShop.cpp */; };
		93A8EFF1236B529B00E2192D /* Animal.cpp in Sources */ = {isa = PBXBuildFile; fileRef = 93A8EFEF236B529B00E2192D /* Animal.cpp */; };
		93A8EFF4236B540C00E2192D /* Receipt.cpp in Sources */ = {isa = PBXBuildFile; fileRef = 93A8EFF2236B540C00E2192D /* Receipt.cpp */; };
		93A8EFF7236B6CC800E2192D /* CashRegister.cpp in Sources */ = {isa = PBXBuildFile; fileRef = 93A8EFF5236B6CC800E2192D /* CashRegister.cpp */; };
		93A8EFFA236B705800E2192D /* PetFood.cpp in Sources */ = {isa = PBXBuildFile; fileRef = 93A8EFF8236B705800E2192D /* PetFood.cpp */; };
		93DE861C236CE52D00437DAA /* GlobalFunctions.cpp in Sources */ = {isa = PBXBuildFile; fileRef = 93DE861A236CE52D00437DAA /* GlobalFunctions.cpp */; };
/* End PBXBuildFile section */

/* Begin PBXCopyFilesBuildPhase section */
		93A8EFDF236B4F2C00E2192D /* CopyFiles */ = {
			isa = PBXCopyFilesBuildPhase;
			buildActionMask = 2147483647;
			dstPath = /usr/share/man/man1/;
			dstSubfolderSpec = 0;
			files = (
			);
			runOnlyForDeploymentPostprocessing = 1;
		};
/* End PBXCopyFilesBuildPhase section */

/* Begin PBXFileReference section */
		932AFCA523BABC85003EE1CA /* ListMB.h */ = {isa = PBXFileReference; fileEncoding = 4; lastKnownFileType = sourcecode.c.h; path = ListMB.h; sourceTree = "<group>"; };
		9366559E239EC3A00094F70C /* Product.cpp */ = {isa = PBXFileReference; lastKnownFileType = sourcecode.cpp.cpp; path = Product.cpp; sourceTree = "<group>"; };
		9366559F239EC3A00094F70C /* Product.hpp */ = {isa = PBXFileReference; lastKnownFileType = sourcecode.cpp.h; path = Product.hpp; sourceTree = "<group>"; };
		936655A123A65B5E0094F70C /* PetToy.cpp */ = {isa = PBXFileReference; lastKnownFileType = sourcecode.cpp.cpp; path = PetToy.cpp; sourceTree = "<group>"; };
		936655A223A65B5E0094F70C /* PetToy.hpp */ = {isa = PBXFileReference; lastKnownFileType = sourcecode.cpp.h; path = PetToy.hpp; sourceTree = "<group>"; };
		936655A423A7BEE00094F70C /* wynik.txt */ = {isa = PBXFileReference; fileEncoding = 4; lastKnownFileType = text; path = wynik.txt; sourceTree = "<group>"; };
		936655A523A8305E0094F70C /* HISTORIA.txt */ = {isa = PBXFileReference; fileEncoding = 4; lastKnownFileType = text; path = HISTORIA.txt; sourceTree = "<group>"; };
		936655A623A8A68C0094F70C /* UserInterface.cpp */ = {isa = PBXFileReference; lastKnownFileType = sourcecode.cpp.cpp; path = UserInterface.cpp; sourceTree = "<group>"; };
		936655A723A8A68C0094F70C /* UserInterface.hpp */ = {isa = PBXFileReference; lastKnownFileType = sourcecode.cpp.h; path = UserInterface.hpp; sourceTree = "<group>"; };
		93A8EFE1236B4F2D00E2192D /* PetShop */ = {isa = PBXFileReference; explicitFileType = "compiled.mach-o.executable"; includeInIndex = 0; path = PetShop; sourceTree = BUILT_PRODUCTS_DIR; };
		93A8EFE4236B4F2D00E2192D /* main.cpp */ = {isa = PBXFileReference; lastKnownFileType = sourcecode.cpp.cpp; path = main.cpp; sourceTree = "<group>"; };
		93A8EFEC236B50F500E2192D /* PetShop.cpp */ = {isa = PBXFileReference; lastKnownFileType = sourcecode.cpp.cpp; path = PetShop.cpp; sourceTree = "<group>"; };
		93A8EFED236B50F500E2192D /* PetShop.hpp */ = {isa = PBXFileReference; lastKnownFileType = sourcecode.cpp.h; path = PetShop.hpp; sourceTree = "<group>"; };
		93A8EFEF236B529B00E2192D /* Animal.cpp */ = {isa = PBXFileReference; lastKnownFileType = sourcecode.cpp.cpp; path = Animal.cpp; sourceTree = "<group>"; };
		93A8EFF0236B529B00E2192D /* Animal.hpp */ = {isa = PBXFileReference; lastKnownFileType = sourcecode.cpp.h; path = Animal.hpp; sourceTree = "<group>"; };
		93A8EFF2236B540C00E2192D /* Receipt.cpp */ = {isa = PBXFileReference; lastKnownFileType = sourcecode.cpp.cpp; path = Receipt.cpp; sourceTree = "<group>"; };
		93A8EFF3236B540C00E2192D /* Receipt.hpp */ = {isa = PBXFileReference; lastKnownFileType = sourcecode.cpp.h; path = Receipt.hpp; sourceTree = "<group>"; };
		93A8EFF5236B6CC800E2192D /* CashRegister.cpp */ = {isa = PBXFileReference; lastKnownFileType = sourcecode.cpp.cpp; path = CashRegister.cpp; sourceTree = "<group>"; };
		93A8EFF6236B6CC800E2192D /* CashRegister.hpp */ = {isa = PBXFileReference; lastKnownFileType = sourcecode.cpp.h; path = CashRegister.hpp; sourceTree = "<group>"; };
		93A8EFF8236B705800E2192D /* PetFood.cpp */ = {isa = PBXFileReference; lastKnownFileType = sourcecode.cpp.cpp; path = PetFood.cpp; sourceTree = "<group>"; };
		93A8EFF9236B705800E2192D /* PetFood.hpp */ = {isa = PBXFileReference; lastKnownFileType = sourcecode.cpp.h; path = PetFood.hpp; sourceTree = "<group>"; };
		93DE861A236CE52D00437DAA /* GlobalFunctions.cpp */ = {isa = PBXFileReference; lastKnownFileType = sourcecode.cpp.cpp; path = GlobalFunctions.cpp; sourceTree = "<group>"; };
		93DE861B236CE52D00437DAA /* GlobalFunctions.hpp */ = {isa = PBXFileReference; lastKnownFileType = sourcecode.cpp.h; path = GlobalFunctions.hpp; sourceTree = "<group>"; };
/* End PBXFileReference section */

/* Begin PBXFrameworksBuildPhase section */
		93A8EFDE236B4F2C00E2192D /* Frameworks */ = {
			isa = PBXFrameworksBuildPhase;
			buildActionMask = 2147483647;
			files = (
			);
			runOnlyForDeploymentPostprocessing = 0;
		};
/* End PBXFrameworksBuildPhase section */

/* Begin PBXGroup section */
		93A8EFD8236B4F2C00E2192D = {
			isa = PBXGroup;
			children = (
				93A8EFE3236B4F2D00E2192D /* PetShop */,
				93A8EFE2236B4F2D00E2192D /* Products */,
			);
			sourceTree = "<group>";
		};
		93A8EFE2236B4F2D00E2192D /* Products */ = {
			isa = PBXGroup;
			children = (
				93A8EFE1236B4F2D00E2192D /* PetShop */,
			);
			name = Products;
			sourceTree = "<group>";
		};
		93A8EFE3236B4F2D00E2192D /* PetShop */ = {
			isa = PBXGroup;
			children = (
				936655A423A7BEE00094F70C /* wynik.txt */,
				936655A523A8305E0094F70C /* HISTORIA.txt */,
				93DE861B236CE52D00437DAA /* GlobalFunctions.hpp */,
				93DE861A236CE52D00437DAA /* GlobalFunctions.cpp */,
				936655A623A8A68C0094F70C /* UserInterface.cpp */,
				936655A723A8A68C0094F70C /* UserInterface.hpp */,
				93A8EFED236B50F500E2192D /* PetShop.hpp */,
				93A8EFEC236B50F500E2192D /* PetShop.cpp */,
				93A8EFF6236B6CC800E2192D /* CashRegister.hpp */,
				93A8EFF5236B6CC800E2192D /* CashRegister.cpp */,
				93A8EFF3236B540C00E2192D /* Receipt.hpp */,
				93A8EFF2236B540C00E2192D /* Receipt.cpp */,
				93A8EFEF236B529B00E2192D /* Animal.cpp */,
				93A8EFF0236B529B00E2192D /* Animal.hpp */,
				93A8EFF8236B705800E2192D /* PetFood.cpp */,
				93A8EFF9236B705800E2192D /* PetFood.hpp */,
				936655A123A65B5E0094F70C /* PetToy.cpp */,
				936655A223A65B5E0094F70C /* PetToy.hpp */,
				9366559E239EC3A00094F70C /* Product.cpp */,
				9366559F239EC3A00094F70C /* Product.hpp */,
				93A8EFE4236B4F2D00E2192D /* main.cpp */,
				932AFCA523BABC85003EE1CA /* ListMB.h */,
			);
			path = PetShop;
			sourceTree = "<group>";
		};
/* End PBXGroup section */

/* Begin PBXNativeTarget section */
		93A8EFE0236B4F2C00E2192D /* PetShop */ = {
			isa = PBXNativeTarget;
			buildConfigurationList = 93A8EFE8236B4F2D00E2192D /* Build configuration list for PBXNativeTarget "PetShop" */;
			buildPhases = (
				93A8EFDD236B4F2C00E2192D /* Sources */,
				93A8EFDE236B4F2C00E2192D /* Frameworks */,
				93A8EFDF236B4F2C00E2192D /* CopyFiles */,
			);
			buildRules = (
			);
			dependencies = (
			);
			name = PetShop;
			productName = PetShop;
			productReference = 93A8EFE1236B4F2D00E2192D /* PetShop */;
			productType = "com.apple.product-type.tool";
		};
/* End PBXNativeTarget section */

/* Begin PBXProject section */
		93A8EFD9236B4F2C00E2192D /* Project object */ = {
			isa = PBXProject;
			attributes = {
				LastUpgradeCheck = 1000;
				ORGANIZATIONNAME = "Marcin Badach";
				TargetAttributes = {
					93A8EFE0236B4F2C00E2192D = {
						CreatedOnToolsVersion = 10.0;
					};
				};
			};
			buildConfigurationList = 93A8EFDC236B4F2C00E2192D /* Build configuration list for PBXProject "PetShop" */;
			compatibilityVersion = "Xcode 9.3";
			developmentRegion = en;
			hasScannedForEncodings = 0;
			knownRegions = (
				en,
			);
			mainGroup = 93A8EFD8236B4F2C00E2192D;
			productRefGroup = 93A8EFE2236B4F2D00E2192D /* Products */;
			projectDirPath = "";
			projectRoot = "";
			targets = (
				93A8EFE0236B4F2C00E2192D /* PetShop */,
			);
		};
/* End PBXProject section */

/* Begin PBXSourcesBuildPhase section */
		93A8EFDD236B4F2C00E2192D /* Sources */ = {
			isa = PBXSourcesBuildPhase;
			buildActionMask = 2147483647;
			files = (
				93DE861C236CE52D00437DAA /* GlobalFunctions.cpp in Sources */,
				93A8EFF7236B6CC800E2192D /* CashRegister.cpp in Sources */,
				93A8EFF4236B540C00E2192D /* Receipt.cpp in Sources */,
				93A8EFE5236B4F2D00E2192D /* main.cpp in Sources */,
				93A8EFFA236B705800E2192D /* PetFood.cpp in Sources */,
				936655A323A65B5E0094F70C /* PetToy.cpp in Sources */,
				936655A823A8A68C0094F70C /* UserInterface.cpp in Sources */,
				936655A0239EC3A00094F70C /* Product.cpp in Sources */,
				93A8EFEE236B50F500E2192D /* PetShop.cpp in Sources */,
				93A8EFF1236B529B00E2192D /* Animal.cpp in Sources */,
			);
			runOnlyForDeploymentPostprocessing = 0;
		};
/* End PBXSourcesBuildPhase section */

/* Begin XCBuildConfiguration section */
		93A8EFE6236B4F2D00E2192D /* Debug */ = {
			isa = XCBuildConfiguration;
			buildSettings = {
				ALWAYS_SEARCH_USER_PATHS = NO;
				CLANG_ANALYZER_NONNULL = YES;
				CLANG_ANALYZER_NUMBER_OBJECT_CONVERSION = YES_AGGRESSIVE;
				CLANG_CXX_LANGUAGE_STANDARD = "gnu++14";
				CLANG_CXX_LIBRARY = "libc++";
				CLANG_ENABLE_MODULES = YES;
				CLANG_ENABLE_OBJC_ARC = YES;
				CLANG_ENABLE_OBJC_WEAK = YES;
				CLANG_WARN_BLOCK_CAPTURE_AUTORELEASING = YES;
				CLANG_WARN_BOOL_CONVERSION = YES;
				CLANG_WARN_COMMA = YES;
				CLANG_WARN_CONSTANT_CONVERSION = YES;
				CLANG_WARN_DEPRECATED_OBJC_IMPLEMENTATIONS = YES;
				CLANG_WARN_DIRECT_OBJC_ISA_USAGE = YES_ERROR;
				CLANG_WARN_DOCUMENTATION_COMMENTS = YES;
				CLANG_WARN_EMPTY_BODY = YES;
				CLANG_WARN_ENUM_CONVERSION = YES;
				CLANG_WARN_INFINITE_RECURSION = YES;
				CLANG_WARN_INT_CONVERSION = YES;
				CLANG_WARN_NON_LITERAL_NULL_CONVERSION = YES;
				CLANG_WARN_OBJC_IMPLICIT_RETAIN_SELF = YES;
				CLANG_WARN_OBJC_LITERAL_CONVERSION = YES;
				CLANG_WARN_OBJC_ROOT_CLASS = YES_ERROR;
				CLANG_WARN_RANGE_LOOP_ANALYSIS = YES;
				CLANG_WARN_STRICT_PROTOTYPES = YES;
				CLANG_WARN_SUSPICIOUS_MOVE = YES;
				CLANG_WARN_UNGUARDED_AVAILABILITY = YES_AGGRESSIVE;
				CLANG_WARN_UNREACHABLE_CODE = YES;
				CLANG_WARN__DUPLICATE_METHOD_MATCH = YES;
				CODE_SIGN_IDENTITY = "Mac Developer";
				COPY_PHASE_STRIP = NO;
				DEBUG_INFORMATION_FORMAT = dwarf;
				ENABLE_STRICT_OBJC_MSGSEND = YES;
				ENABLE_TESTABILITY = YES;
				GCC_C_LANGUAGE_STANDARD = gnu11;
				GCC_DYNAMIC_NO_PIC = NO;
				GCC_NO_COMMON_BLOCKS = YES;
				GCC_OPTIMIZATION_LEVEL = 0;
				GCC_PREPROCESSOR_DEFINITIONS = (
					"DEBUG=1",
					"$(inherited)",
				);
				GCC_WARN_64_TO_32_BIT_CONVERSION = YES;
				GCC_WARN_ABOUT_RETURN_TYPE = YES_ERROR;
				GCC_WARN_UNDECLARED_SELECTOR = YES;
				GCC_WARN_UNINITIALIZED_AUTOS = YES_AGGRESSIVE;
				GCC_WARN_UNUSED_FUNCTION = YES;
				GCC_WARN_UNUSED_VARIABLE = YES;
				MACOSX_DEPLOYMENT_TARGET = 10.15;
				MTL_ENABLE_DEBUG_INFO = INCLUDE_SOURCE;
				MTL_FAST_MATH = YES;
				ONLY_ACTIVE_ARCH = YES;
				SDKROOT = macosx;
			};
			name = Debug;
		};
		93A8EFE7236B4F2D00E2192D /* Release */ = {
			isa = XCBuildConfiguration;
			buildSettings = {
				ALWAYS_SEARCH_USER_PATHS = NO;
				CLANG_ANALYZER_NONNULL = YES;
				CLANG_ANALYZER_NUMBER_OBJECT_CONVERSION = YES_AGGRESSIVE;
				CLANG_CXX_LANGUAGE_STANDARD = "gnu++14";
				CLANG_CXX_LIBRARY = "libc++";
				CLANG_ENABLE_MODULES = YES;
				CLANG_ENABLE_OBJC_ARC = YES;
				CLANG_ENABLE_OBJC_WEAK = YES;
				CLANG_WARN_BLOCK_CAPTURE_AUTORELEASING = YES;
				CLANG_WARN_BOOL_CONVERSION = YES;
				CLANG_WARN_COMMA = YES;
				CLANG_WARN_CONSTANT_CONVERSION = YES;
				CLANG_WARN_DEPRECATED_OBJC_IMPLEMENTATIONS = YES;
				CLANG_WARN_DIRECT_OBJC_ISA_USAGE = YES_ERROR;
				CLANG_WARN_DOCUMENTATION_COMMENTS = YES;
				CLANG_WARN_EMPTY_BODY = YES;
				CLANG_WARN_ENUM_CONVERSION = YES;
				CLANG_WARN_INFINITE_RECURSION = YES;
				CLANG_WARN_INT_CONVERSION = YES;
				CLANG_WARN_NON_LITERAL_NULL_CONVERSION = YES;
				CLANG_WARN_OBJC_IMPLICIT_RETAIN_SELF = YES;
				CLANG_WARN_OBJC_LITERAL_CONVERSION = YES;
				CLANG_WARN_OBJC_ROOT_CLASS = YES_ERROR;
				CLANG_WARN_RANGE_LOOP_ANALYSIS = YES;
				CLANG_WARN_STRICT_PROTOTYPES = YES;
				CLANG_WARN_SUSPICIOUS_MOVE = YES;
				CLANG_WARN_UNGUARDED_AVAILABILITY = YES_AGGRESSIVE;
				CLANG_WARN_UNREACHABLE_CODE = YES;
				CLANG_WARN__DUPLICATE_METHOD_MATCH = YES;
				CODE_SIGN_IDENTITY = "Mac Developer";
				COPY_PHASE_STRIP = NO;
				DEBUG_INFORMATION_FORMAT = "dwarf-with-dsym";
				ENABLE_NS_ASSERTIONS = NO;
				ENABLE_STRICT_OBJC_MSGSEND = YES;
				GCC_C_LANGUAGE_STANDARD = gnu11;
				GCC_NO_COMMON_BLOCKS = YES;
				GCC_WARN_64_TO_32_BIT_CONVERSION = YES;
				GCC_WARN_ABOUT_RETURN_TYPE = YES_ERROR;
				GCC_WARN_UNDECLARED_SELECTOR = YES;
				GCC_WARN_UNINITIALIZED_AUTOS = YES_AGGRESSIVE;
				GCC_WARN_UNUSED_FUNCTION = YES;
				GCC_WARN_UNUSED_VARIABLE = YES;
				MACOSX_DEPLOYMENT_TARGET = 10.15;
				MTL_ENABLE_DEBUG_INFO = NO;
				MTL_FAST_MATH = YES;
				SDKROOT = macosx;
			};
			name = Release;
		};
		93A8EFE9236B4F2D00E2192D /* Debug */ = {
			isa = XCBuildConfiguration;
			buildSettings = {
				CODE_SIGN_STYLE = Automatic;
				DEVELOPMENT_TEAM = TL2DBP53XD;
				MACOSX_DEPLOYMENT_TARGET = 10.14;
				PRODUCT_NAME = "$(TARGET_NAME)";
			};
			name = Debug;
		};
		93A8EFEA236B4F2D00E2192D /* Release */ = {
			isa = XCBuildConfiguration;
			buildSettings = {
				CODE_SIGN_STYLE = Automatic;
				DEVELOPMENT_TEAM = TL2DBP53XD;
				MACOSX_DEPLOYMENT_TARGET = 10.14;
				PRODUCT_NAME = "$(TARGET_NAME)";
			};
			name = Release;
		};
/* End XCBuildConfiguration section */

/* Begin XCConfigurationList section */
		93A8EFDC236B4F2C00E2192D /* Build configuration list for PBXProject "PetShop" */ = {
			isa = XCConfigurationList;
			buildConfigurations = (
				93A8EFE6236B4F2D00E2192D /* Debug */,
				93A8EFE7236B4F2D00E2192D /* Release */,
			);
			defaultConfigurationIsVisible = 0;
			defaultConfigurationName = Release;
		};
		93A8EFE8236B4F2D00E2192D /* Build configuration list for PBXNativeTarget "PetShop" */ = {
			isa = XCConfigurationList;
			buildConfigurations = (
				93A8EFE9236B4F2D00E2192D /* Debug */,
				93A8EFEA236B4F2D00E2192D /* Release */,
			);
			defaultConfigurationIsVisible = 0;
			defaultConfigurationName = Release;
		};
/* End XCConfigurationList section */
	};
	rootObject = 93A8EFD9236B4F2C00E2192D /* Project object */;
}
